// !$*UTF8*$!
{
	archiveVersion = 1;
	classes = {
	};
	objectVersion = 50;
	objects = {

/* Begin PBXBuildFile section */
		B6C2EDCF21D90B0B00DC97F6 /* AppDelegate.swift in Sources */ = {isa = PBXBuildFile; fileRef = B6C2EDCE21D90B0B00DC97F6 /* AppDelegate.swift */; };
		B6C2EDD421D90B0B00DC97F6 /* Main.storyboard in Resources */ = {isa = PBXBuildFile; fileRef = B6C2EDD221D90B0B00DC97F6 /* Main.storyboard */; };
		B6C2EDD621D90B0C00DC97F6 /* Assets.xcassets in Resources */ = {isa = PBXBuildFile; fileRef = B6C2EDD521D90B0C00DC97F6 /* Assets.xcassets */; };
		B6C2EDD921D90B0C00DC97F6 /* LaunchScreen.storyboard in Resources */ = {isa = PBXBuildFile; fileRef = B6C2EDD721D90B0C00DC97F6 /* LaunchScreen.storyboard */; };
		B6C2EDE421D90B0C00DC97F6 /* TodoListTests.swift in Sources */ = {isa = PBXBuildFile; fileRef = B6C2EDE321D90B0C00DC97F6 /* TodoListTests.swift */; };
		B6C2EDEF21D90B0C00DC97F6 /* TodoListUITests.swift in Sources */ = {isa = PBXBuildFile; fileRef = B6C2EDEE21D90B0C00DC97F6 /* TodoListUITests.swift */; };
		B6C2EE0421D90C6A00DC97F6 /* mainPageController.swift in Sources */ = {isa = PBXBuildFile; fileRef = B6C2EE0321D90C6A00DC97F6 /* mainPageController.swift */; };
		B6C2EE0621D90CD000DC97F6 /* scheduleController.swift in Sources */ = {isa = PBXBuildFile; fileRef = B6C2EE0521D90CD000DC97F6 /* scheduleController.swift */; };
		B6C2EE0A21D90D4900DC97F6 /* tasksController.swift in Sources */ = {isa = PBXBuildFile; fileRef = B6C2EE0921D90D4900DC97F6 /* tasksController.swift */; };
		B6C2EE0C21D90EA400DC97F6 /* deletedController.swift in Sources */ = {isa = PBXBuildFile; fileRef = B6C2EE0B21D90EA400DC97F6 /* deletedController.swift */; };
		B6F1ABC121DC9CE70054845A /* MainViewController.swift in Sources */ = {isa = PBXBuildFile; fileRef = B6F1ABC021DC9CE70054845A /* MainViewController.swift */; };
/* End PBXBuildFile section */

/* Begin PBXContainerItemProxy section */
		B6C2EDE021D90B0C00DC97F6 /* PBXContainerItemProxy */ = {
			isa = PBXContainerItemProxy;
			containerPortal = B6C2EDC321D90B0B00DC97F6 /* Project object */;
			proxyType = 1;
			remoteGlobalIDString = B6C2EDCA21D90B0B00DC97F6;
			remoteInfo = TodoList;
		};
		B6C2EDEB21D90B0C00DC97F6 /* PBXContainerItemProxy */ = {
			isa = PBXContainerItemProxy;
			containerPortal = B6C2EDC321D90B0B00DC97F6 /* Project object */;
			proxyType = 1;
			remoteGlobalIDString = B6C2EDCA21D90B0B00DC97F6;
			remoteInfo = TodoList;
		};
/* End PBXContainerItemProxy section */

/* Begin PBXFileReference section */
		B6C2EDCB21D90B0B00DC97F6 /* TodoList.app */ = {isa = PBXFileReference; explicitFileType = wrapper.application; includeInIndex = 0; path = TodoList.app; sourceTree = BUILT_PRODUCTS_DIR; };
		B6C2EDCE21D90B0B00DC97F6 /* AppDelegate.swift */ = {isa = PBXFileReference; lastKnownFileType = sourcecode.swift; path = AppDelegate.swift; sourceTree = "<group>"; };
		B6C2EDD321D90B0B00DC97F6 /* Base */ = {isa = PBXFileReference; lastKnownFileType = file.storyboard; name = Base; path = Base.lproj/Main.storyboard; sourceTree = "<group>"; };
		B6C2EDD521D90B0C00DC97F6 /* Assets.xcassets */ = {isa = PBXFileReference; lastKnownFileType = folder.assetcatalog; path = Assets.xcassets; sourceTree = "<group>"; };
		B6C2EDD821D90B0C00DC97F6 /* Base */ = {isa = PBXFileReference; lastKnownFileType = file.storyboard; name = Base; path = Base.lproj/LaunchScreen.storyboard; sourceTree = "<group>"; };
		B6C2EDDA21D90B0C00DC97F6 /* Info.plist */ = {isa = PBXFileReference; lastKnownFileType = text.plist.xml; path = Info.plist; sourceTree = "<group>"; };
		B6C2EDDF21D90B0C00DC97F6 /* TodoListTests.xctest */ = {isa = PBXFileReference; explicitFileType = wrapper.cfbundle; includeInIndex = 0; path = TodoListTests.xctest; sourceTree = BUILT_PRODUCTS_DIR; };
		B6C2EDE321D90B0C00DC97F6 /* TodoListTests.swift */ = {isa = PBXFileReference; lastKnownFileType = sourcecode.swift; path = TodoListTests.swift; sourceTree = "<group>"; };
		B6C2EDE521D90B0C00DC97F6 /* Info.plist */ = {isa = PBXFileReference; lastKnownFileType = text.plist.xml; path = Info.plist; sourceTree = "<group>"; };
		B6C2EDEA21D90B0C00DC97F6 /* TodoListUITests.xctest */ = {isa = PBXFileReference; explicitFileType = wrapper.cfbundle; includeInIndex = 0; path = TodoListUITests.xctest; sourceTree = BUILT_PRODUCTS_DIR; };
		B6C2EDEE21D90B0C00DC97F6 /* TodoListUITests.swift */ = {isa = PBXFileReference; lastKnownFileType = sourcecode.swift; path = TodoListUITests.swift; sourceTree = "<group>"; };
		B6C2EDF021D90B0C00DC97F6 /* Info.plist */ = {isa = PBXFileReference; lastKnownFileType = text.plist.xml; path = Info.plist; sourceTree = "<group>"; };
		B6C2EE0321D90C6A00DC97F6 /* mainPageController.swift */ = {isa = PBXFileReference; lastKnownFileType = sourcecode.swift; path = mainPageController.swift; sourceTree = "<group>"; };
		B6C2EE0521D90CD000DC97F6 /* scheduleController.swift */ = {isa = PBXFileReference; lastKnownFileType = sourcecode.swift; path = scheduleController.swift; sourceTree = "<group>"; };
		B6C2EE0921D90D4900DC97F6 /* tasksController.swift */ = {isa = PBXFileReference; lastKnownFileType = sourcecode.swift; path = tasksController.swift; sourceTree = "<group>"; };
		B6C2EE0B21D90EA400DC97F6 /* deletedController.swift */ = {isa = PBXFileReference; lastKnownFileType = sourcecode.swift; path = deletedController.swift; sourceTree = "<group>"; };
		B6F1ABC021DC9CE70054845A /* MainViewController.swift */ = {isa = PBXFileReference; lastKnownFileType = sourcecode.swift; path = MainViewController.swift; sourceTree = "<group>"; };
/* End PBXFileReference section */

/* Begin PBXFrameworksBuildPhase section */
		B6C2EDC821D90B0B00DC97F6 /* Frameworks */ = {
			isa = PBXFrameworksBuildPhase;
			buildActionMask = 2147483647;
			files = (
			);
			runOnlyForDeploymentPostprocessing = 0;
		};
		B6C2EDDC21D90B0C00DC97F6 /* Frameworks */ = {
			isa = PBXFrameworksBuildPhase;
			buildActionMask = 2147483647;
			files = (
			);
			runOnlyForDeploymentPostprocessing = 0;
		};
		B6C2EDE721D90B0C00DC97F6 /* Frameworks */ = {
			isa = PBXFrameworksBuildPhase;
			buildActionMask = 2147483647;
			files = (
			);
			runOnlyForDeploymentPostprocessing = 0;
		};
/* End PBXFrameworksBuildPhase section */

/* Begin PBXGroup section */
		B6C2EDC221D90B0B00DC97F6 = {
			isa = PBXGroup;
			children = (
				B6C2EDCD21D90B0B00DC97F6 /* TodoList */,
				B6C2EDE221D90B0C00DC97F6 /* TodoListTests */,
				B6C2EDED21D90B0C00DC97F6 /* TodoListUITests */,
				B6C2EDCC21D90B0B00DC97F6 /* Products */,
			);
			sourceTree = "<group>";
		};
		B6C2EDCC21D90B0B00DC97F6 /* Products */ = {
			isa = PBXGroup;
			children = (
				B6C2EDCB21D90B0B00DC97F6 /* TodoList.app */,
				B6C2EDDF21D90B0C00DC97F6 /* TodoListTests.xctest */,
				B6C2EDEA21D90B0C00DC97F6 /* TodoListUITests.xctest */,
			);
			name = Products;
			sourceTree = "<group>";
		};
		B6C2EDCD21D90B0B00DC97F6 /* TodoList */ = {
			isa = PBXGroup;
			children = (
				B6C2EDD221D90B0B00DC97F6 /* Main.storyboard */,
				B6F1ABC021DC9CE70054845A /* MainViewController.swift */,
				B6C2EE0321D90C6A00DC97F6 /* mainPageController.swift */,
				B6C2EE0D21D90EC900DC97F6 /* pages */,
				B6C2EDFC21D90B8700DC97F6 /* Supporting Files */,
				B6C2EDDA21D90B0C00DC97F6 /* Info.plist */,
			);
			path = TodoList;
			sourceTree = "<group>";
		};
		B6C2EDE221D90B0C00DC97F6 /* TodoListTests */ = {
			isa = PBXGroup;
			children = (
				B6C2EDE321D90B0C00DC97F6 /* TodoListTests.swift */,
				B6C2EDE521D90B0C00DC97F6 /* Info.plist */,
			);
			path = TodoListTests;
			sourceTree = "<group>";
		};
		B6C2EDED21D90B0C00DC97F6 /* TodoListUITests */ = {
			isa = PBXGroup;
			children = (
				B6C2EDEE21D90B0C00DC97F6 /* TodoListUITests.swift */,
				B6C2EDF021D90B0C00DC97F6 /* Info.plist */,
			);
			path = TodoListUITests;
			sourceTree = "<group>";
		};
		B6C2EDFC21D90B8700DC97F6 /* Supporting Files */ = {
			isa = PBXGroup;
			children = (
				B6C2EDCE21D90B0B00DC97F6 /* AppDelegate.swift */,
				B6C2EDD521D90B0C00DC97F6 /* Assets.xcassets */,
				B6C2EDD721D90B0C00DC97F6 /* LaunchScreen.storyboard */,
			);
			path = "Supporting Files";
			sourceTree = "<group>";
		};
		B6C2EE0D21D90EC900DC97F6 /* pages */ = {
			isa = PBXGroup;
			children = (
				B6C2EE0921D90D4900DC97F6 /* tasksController.swift */,
				B6C2EE0521D90CD000DC97F6 /* scheduleController.swift */,
				B6C2EE0B21D90EA400DC97F6 /* deletedController.swift */,
			);
			path = pages;
			sourceTree = "<group>";
		};
/* End PBXGroup section */

/* Begin PBXNativeTarget section */
		B6C2EDCA21D90B0B00DC97F6 /* TodoList */ = {
			isa = PBXNativeTarget;
			buildConfigurationList = B6C2EDF321D90B0C00DC97F6 /* Build configuration list for PBXNativeTarget "TodoList" */;
			buildPhases = (
				B6C2EDC721D90B0B00DC97F6 /* Sources */,
				B6C2EDC821D90B0B00DC97F6 /* Frameworks */,
				B6C2EDC921D90B0B00DC97F6 /* Resources */,
			);
			buildRules = (
			);
			dependencies = (
			);
			name = TodoList;
			productName = TodoList;
			productReference = B6C2EDCB21D90B0B00DC97F6 /* TodoList.app */;
			productType = "com.apple.product-type.application";
		};
		B6C2EDDE21D90B0C00DC97F6 /* TodoListTests */ = {
			isa = PBXNativeTarget;
			buildConfigurationList = B6C2EDF621D90B0C00DC97F6 /* Build configuration list for PBXNativeTarget "TodoListTests" */;
			buildPhases = (
				B6C2EDDB21D90B0C00DC97F6 /* Sources */,
				B6C2EDDC21D90B0C00DC97F6 /* Frameworks */,
				B6C2EDDD21D90B0C00DC97F6 /* Resources */,
			);
			buildRules = (
			);
			dependencies = (
				B6C2EDE121D90B0C00DC97F6 /* PBXTargetDependency */,
			);
			name = TodoListTests;
			productName = TodoListTests;
			productReference = B6C2EDDF21D90B0C00DC97F6 /* TodoListTests.xctest */;
			productType = "com.apple.product-type.bundle.unit-test";
		};
		B6C2EDE921D90B0C00DC97F6 /* TodoListUITests */ = {
			isa = PBXNativeTarget;
			buildConfigurationList = B6C2EDF921D90B0C00DC97F6 /* Build configuration list for PBXNativeTarget "TodoListUITests" */;
			buildPhases = (
				B6C2EDE621D90B0C00DC97F6 /* Sources */,
				B6C2EDE721D90B0C00DC97F6 /* Frameworks */,
				B6C2EDE821D90B0C00DC97F6 /* Resources */,
			);
			buildRules = (
			);
			dependencies = (
				B6C2EDEC21D90B0C00DC97F6 /* PBXTargetDependency */,
			);
			name = TodoListUITests;
			productName = TodoListUITests;
			productReference = B6C2EDEA21D90B0C00DC97F6 /* TodoListUITests.xctest */;
			productType = "com.apple.product-type.bundle.ui-testing";
		};
/* End PBXNativeTarget section */

/* Begin PBXProject section */
		B6C2EDC321D90B0B00DC97F6 /* Project object */ = {
			isa = PBXProject;
			attributes = {
				LastSwiftUpdateCheck = 1010;
				LastUpgradeCheck = 1010;
				ORGANIZATIONNAME = "Haoyun Zhu";
				TargetAttributes = {
					B6C2EDCA21D90B0B00DC97F6 = {
						CreatedOnToolsVersion = 10.1;
					};
					B6C2EDDE21D90B0C00DC97F6 = {
						CreatedOnToolsVersion = 10.1;
						TestTargetID = B6C2EDCA21D90B0B00DC97F6;
					};
					B6C2EDE921D90B0C00DC97F6 = {
						CreatedOnToolsVersion = 10.1;
						TestTargetID = B6C2EDCA21D90B0B00DC97F6;
					};
				};
			};
			buildConfigurationList = B6C2EDC621D90B0B00DC97F6 /* Build configuration list for PBXProject "TodoList" */;
			compatibilityVersion = "Xcode 9.3";
			developmentRegion = en;
			hasScannedForEncodings = 0;
			knownRegions = (
				en,
				Base,
			);
			mainGroup = B6C2EDC221D90B0B00DC97F6;
			productRefGroup = B6C2EDCC21D90B0B00DC97F6 /* Products */;
			projectDirPath = "";
			projectRoot = "";
			targets = (
				B6C2EDCA21D90B0B00DC97F6 /* TodoList */,
				B6C2EDDE21D90B0C00DC97F6 /* TodoListTests */,
				B6C2EDE921D90B0C00DC97F6 /* TodoListUITests */,
			);
		};
/* End PBXProject section */

/* Begin PBXResourcesBuildPhase section */
		B6C2EDC921D90B0B00DC97F6 /* Resources */ = {
			isa = PBXResourcesBuildPhase;
			buildActionMask = 2147483647;
			files = (
				B6C2EDD921D90B0C00DC97F6 /* LaunchScreen.storyboard in Resources */,
				B6C2EDD621D90B0C00DC97F6 /* Assets.xcassets in Resources */,
				B6C2EDD421D90B0B00DC97F6 /* Main.storyboard in Resources */,
			);
			runOnlyForDeploymentPostprocessing = 0;
		};
		B6C2EDDD21D90B0C00DC97F6 /* Resources */ = {
			isa = PBXResourcesBuildPhase;
			buildActionMask = 2147483647;
			files = (
			);
			runOnlyForDeploymentPostprocessing = 0;
		};
		B6C2EDE821D90B0C00DC97F6 /* Resources */ = {
			isa = PBXResourcesBuildPhase;
			buildActionMask = 2147483647;
			files = (
			);
			runOnlyForDeploymentPostprocessing = 0;
		};
/* End PBXResourcesBuildPhase section */

/* Begin PBXSourcesBuildPhase section */
		B6C2EDC721D90B0B00DC97F6 /* Sources */ = {
			isa = PBXSourcesBuildPhase;
			buildActionMask = 2147483647;
			files = (
				B6C2EE0621D90CD000DC97F6 /* scheduleController.swift in Sources */,
				B6C2EE0421D90C6A00DC97F6 /* mainPageController.swift in Sources */,
				B6C2EE0A21D90D4900DC97F6 /* tasksController.swift in Sources */,
				B6F1ABC121DC9CE70054845A /* MainViewController.swift in Sources */,
				B6C2EE0C21D90EA400DC97F6 /* deletedController.swift in Sources */,
				B6C2EDCF21D90B0B00DC97F6 /* AppDelegate.swift in Sources */,
			);
			runOnlyForDeploymentPostprocessing = 0;
		};
		B6C2EDDB21D90B0C00DC97F6 /* Sources */ = {
			isa = PBXSourcesBuildPhase;
			buildActionMask = 2147483647;
			files = (
				B6C2EDE421D90B0C00DC97F6 /* TodoListTests.swift in Sources */,
			);
			runOnlyForDeploymentPostprocessing = 0;
		};
		B6C2EDE621D90B0C00DC97F6 /* Sources */ = {
			isa = PBXSourcesBuildPhase;
			buildActionMask = 2147483647;
			files = (
				B6C2EDEF21D90B0C00DC97F6 /* TodoListUITests.swift in Sources */,
			);
			runOnlyForDeploymentPostprocessing = 0;
		};
/* End PBXSourcesBuildPhase section */

/* Begin PBXTargetDependency section */
		B6C2EDE121D90B0C00DC97F6 /* PBXTargetDependency */ = {
			isa = PBXTargetDependency;
			target = B6C2EDCA21D90B0B00DC97F6 /* TodoList */;
			targetProxy = B6C2EDE021D90B0C00DC97F6 /* PBXContainerItemProxy */;
		};
		B6C2EDEC21D90B0C00DC97F6 /* PBXTargetDependency */ = {
			isa = PBXTargetDependency;
			target = B6C2EDCA21D90B0B00DC97F6 /* TodoList */;
			targetProxy = B6C2EDEB21D90B0C00DC97F6 /* PBXContainerItemProxy */;
		};
/* End PBXTargetDependency section */

/* Begin PBXVariantGroup section */
		B6C2EDD221D90B0B00DC97F6 /* Main.storyboard */ = {
			isa = PBXVariantGroup;
			children = (
				B6C2EDD321D90B0B00DC97F6 /* Base */,
			);
			name = Main.storyboard;
			sourceTree = "<group>";
		};
		B6C2EDD721D90B0C00DC97F6 /* LaunchScreen.storyboard */ = {
			isa = PBXVariantGroup;
			children = (
				B6C2EDD821D90B0C00DC97F6 /* Base */,
			);
			name = LaunchScreen.storyboard;
			sourceTree = "<group>";
		};
/* End PBXVariantGroup section */

/* Begin XCBuildConfiguration section */
		B6C2EDF121D90B0C00DC97F6 /* Debug */ = {
			isa = XCBuildConfiguration;
			buildSettings = {
				ALWAYS_SEARCH_USER_PATHS = NO;
				CLANG_ANALYZER_NONNULL = YES;
				CLANG_ANALYZER_NUMBER_OBJECT_CONVERSION = YES_AGGRESSIVE;
				CLANG_CXX_LANGUAGE_STANDARD = "gnu++14";
				CLANG_CXX_LIBRARY = "libc++";
				CLANG_ENABLE_MODULES = YES;
				CLANG_ENABLE_OBJC_ARC = YES;
				CLANG_ENABLE_OBJC_WEAK = YES;
				CLANG_WARN_BLOCK_CAPTURE_AUTORELEASING = YES;
				CLANG_WARN_BOOL_CONVERSION = YES;
				CLANG_WARN_COMMA = YES;
				CLANG_WARN_CONSTANT_CONVERSION = YES;
				CLANG_WARN_DEPRECATED_OBJC_IMPLEMENTATIONS = YES;
				CLANG_WARN_DIRECT_OBJC_ISA_USAGE = YES_ERROR;
				CLANG_WARN_DOCUMENTATION_COMMENTS = YES;
				CLANG_WARN_EMPTY_BODY = YES;
				CLANG_WARN_ENUM_CONVERSION = YES;
				CLANG_WARN_INFINITE_RECURSION = YES;
				CLANG_WARN_INT_CONVERSION = YES;
				CLANG_WARN_NON_LITERAL_NULL_CONVERSION = YES;
				CLANG_WARN_OBJC_IMPLICIT_RETAIN_SELF = YES;
				CLANG_WARN_OBJC_LITERAL_CONVERSION = YES;
				CLANG_WARN_OBJC_ROOT_CLASS = YES_ERROR;
				CLANG_WARN_RANGE_LOOP_ANALYSIS = YES;
				CLANG_WARN_STRICT_PROTOTYPES = YES;
				CLANG_WARN_SUSPICIOUS_MOVE = YES;
				CLANG_WARN_UNGUARDED_AVAILABILITY = YES_AGGRESSIVE;
				CLANG_WARN_UNREACHABLE_CODE = YES;
				CLANG_WARN__DUPLICATE_METHOD_MATCH = YES;
				CODE_SIGN_IDENTITY = "iPhone Developer";
				COPY_PHASE_STRIP = NO;
				DEBUG_INFORMATION_FORMAT = dwarf;
				ENABLE_STRICT_OBJC_MSGSEND = YES;
				ENABLE_TESTABILITY = YES;
				GCC_C_LANGUAGE_STANDARD = gnu11;
				GCC_DYNAMIC_NO_PIC = NO;
				GCC_NO_COMMON_BLOCKS = YES;
				GCC_OPTIMIZATION_LEVEL = 0;
				GCC_PREPROCESSOR_DEFINITIONS = (
					"DEBUG=1",
					"$(inherited)",
				);
				GCC_WARN_64_TO_32_BIT_CONVERSION = YES;
				GCC_WARN_ABOUT_RETURN_TYPE = YES_ERROR;
				GCC_WARN_UNDECLARED_SELECTOR = YES;
				GCC_WARN_UNINITIALIZED_AUTOS = YES_AGGRESSIVE;
				GCC_WARN_UNUSED_FUNCTION = YES;
				GCC_WARN_UNUSED_VARIABLE = YES;
				IPHONEOS_DEPLOYMENT_TARGET = 12.1;
				MTL_ENABLE_DEBUG_INFO = INCLUDE_SOURCE;
				MTL_FAST_MATH = YES;
				ONLY_ACTIVE_ARCH = YES;
				SDKROOT = iphoneos;
				SWIFT_ACTIVE_COMPILATION_CONDITIONS = DEBUG;
				SWIFT_OPTIMIZATION_LEVEL = "-Onone";
			};
			name = Debug;
		};
		B6C2EDF221D90B0C00DC97F6 /* Release */ = {
			isa = XCBuildConfiguration;
			buildSettings = {
				ALWAYS_SEARCH_USER_PATHS = NO;
				CLANG_ANALYZER_NONNULL = YES;
				CLANG_ANALYZER_NUMBER_OBJECT_CONVERSION = YES_AGGRESSIVE;
				CLANG_CXX_LANGUAGE_STANDARD = "gnu++14";
				CLANG_CXX_LIBRARY = "libc++";
				CLANG_ENABLE_MODULES = YES;
				CLANG_ENABLE_OBJC_ARC = YES;
				CLANG_ENABLE_OBJC_WEAK = YES;
				CLANG_WARN_BLOCK_CAPTURE_AUTORELEASING = YES;
				CLANG_WARN_BOOL_CONVERSION = YES;
				CLANG_WARN_COMMA = YES;
				CLANG_WARN_CONSTANT_CONVERSION = YES;
				CLANG_WARN_DEPRECATED_OBJC_IMPLEMENTATIONS = YES;
				CLANG_WARN_DIRECT_OBJC_ISA_USAGE = YES_ERROR;
				CLANG_WARN_DOCUMENTATION_COMMENTS = YES;
				CLANG_WARN_EMPTY_BODY = YES;
				CLANG_WARN_ENUM_CONVERSION = YES;
				CLANG_WARN_INFINITE_RECURSION = YES;
				CLANG_WARN_INT_CONVERSION = YES;
				CLANG_WARN_NON_LITERAL_NULL_CONVERSION = YES;
				CLANG_WARN_OBJC_IMPLICIT_RETAIN_SELF = YES;
				CLANG_WARN_OBJC_LITERAL_CONVERSION = YES;
				CLANG_WARN_OBJC_ROOT_CLASS = YES_ERROR;
				CLANG_WARN_RANGE_LOOP_ANALYSIS = YES;
				CLANG_WARN_STRICT_PROTOTYPES = YES;
				CLANG_WARN_SUSPICIOUS_MOVE = YES;
				CLANG_WARN_UNGUARDED_AVAILABILITY = YES_AGGRESSIVE;
				CLANG_WARN_UNREACHABLE_CODE = YES;
				CLANG_WARN__DUPLICATE_METHOD_MATCH = YES;
				CODE_SIGN_IDENTITY = "iPhone Developer";
				COPY_PHASE_STRIP = NO;
				DEBUG_INFORMATION_FORMAT = "dwarf-with-dsym";
				ENABLE_NS_ASSERTIONS = NO;
				ENABLE_STRICT_OBJC_MSGSEND = YES;
				GCC_C_LANGUAGE_STANDARD = gnu11;
				GCC_NO_COMMON_BLOCKS = YES;
				GCC_WARN_64_TO_32_BIT_CONVERSION = YES;
				GCC_WARN_ABOUT_RETURN_TYPE = YES_ERROR;
				GCC_WARN_UNDECLARED_SELECTOR = YES;
				GCC_WARN_UNINITIALIZED_AUTOS = YES_AGGRESSIVE;
				GCC_WARN_UNUSED_FUNCTION = YES;
				GCC_WARN_UNUSED_VARIABLE = YES;
				IPHONEOS_DEPLOYMENT_TARGET = 12.1;
				MTL_ENABLE_DEBUG_INFO = NO;
				MTL_FAST_MATH = YES;
				SDKROOT = iphoneos;
				SWIFT_COMPILATION_MODE = wholemodule;
				SWIFT_OPTIMIZATION_LEVEL = "-O";
				VALIDATE_PRODUCT = YES;
			};
			name = Release;
		};
		B6C2EDF421D90B0C00DC97F6 /* Debug */ = {
			isa = XCBuildConfiguration;
			buildSettings = {
				ASSETCATALOG_COMPILER_APPICON_NAME = AppIcon;
				CODE_SIGN_STYLE = Automatic;
				DEVELOPMENT_TEAM = VWM36C4GC6;
				INFOPLIST_FILE = TodoList/Info.plist;
				LD_RUNPATH_SEARCH_PATHS = (
					"$(inherited)",
					"@executable_path/Frameworks",
				);
				PRODUCT_BUNDLE_IDENTIFIER = "Haoyun-Zhu.TodoList";
				PRODUCT_NAME = "$(TARGET_NAME)";
				SWIFT_VERSION = 4.2;
				TARGETED_DEVICE_FAMILY = "1,2";
			};
			name = Debug;
		};
		B6C2EDF521D90B0C00DC97F6 /* Release */ = {
			isa = XCBuildConfiguration;
			buildSettings = {
				ASSETCATALOG_COMPILER_APPICON_NAME = AppIcon;
				CODE_SIGN_STYLE = Automatic;
				DEVELOPMENT_TEAM = VWM36C4GC6;
				INFOPLIST_FILE = TodoList/Info.plist;
				LD_RUNPATH_SEARCH_PATHS = (
					"$(inherited)",
					"@executable_path/Frameworks",
				);
				PRODUCT_BUNDLE_IDENTIFIER = "Haoyun-Zhu.TodoList";
				PRODUCT_NAME = "$(TARGET_NAME)";
				SWIFT_VERSION = 4.2;
				TARGETED_DEVICE_FAMILY = "1,2";
			};
			name = Release;
		};
		B6C2EDF721D90B0C00DC97F6 /* Debug */ = {
			isa = XCBuildConfiguration;
			buildSettings = {
				ALWAYS_EMBED_SWIFT_STANDARD_LIBRARIES = YES;
				BUNDLE_LOADER = "$(TEST_HOST)";
				CODE_SIGN_STYLE = Automatic;
				DEVELOPMENT_TEAM = VWM36C4GC6;
				INFOPLIST_FILE = TodoListTests/Info.plist;
				LD_RUNPATH_SEARCH_PATHS = (
					"$(inherited)",
					"@executable_path/Frameworks",
					"@loader_path/Frameworks",
				);
				PRODUCT_BUNDLE_IDENTIFIER = "Haoyun-Zhu.TodoListTests";
				PRODUCT_NAME = "$(TARGET_NAME)";
				SWIFT_VERSION = 4.2;
				TARGETED_DEVICE_FAMILY = "1,2";
				TEST_HOST = "$(BUILT_PRODUCTS_DIR)/TodoList.app/TodoList";
			};
			name = Debug;
		};
		B6C2EDF821D90B0C00DC97F6 /* Release */ = {
			isa = XCBuildConfiguration;
			buildSettings = {
				ALWAYS_EMBED_SWIFT_STANDARD_LIBRARIES = YES;
				BUNDLE_LOADER = "$(TEST_HOST)";
				CODE_SIGN_STYLE = Automatic;
				DEVELOPMENT_TEAM = VWM36C4GC6;
				INFOPLIST_FILE = TodoListTests/Info.plist;
				LD_RUNPATH_SEARCH_PATHS = (
					"$(inherited)",
					"@executable_path/Frameworks",
					"@loader_path/Frameworks",
				);
				PRODUCT_BUNDLE_IDENTIFIER = "Haoyun-Zhu.TodoListTests";
				PRODUCT_NAME = "$(TARGET_NAME)";
				SWIFT_VERSION = 4.2;
				TARGETED_DEVICE_FAMILY = "1,2";
				TEST_HOST = "$(BUILT_PRODUCTS_DIR)/TodoList.app/TodoList";
			};
			name = Release;
		};
		B6C2EDFA21D90B0C00DC97F6 /* Debug */ = {
			isa = XCBuildConfiguration;
			buildSettings = {
				ALWAYS_EMBED_SWIFT_STANDARD_LIBRARIES = YES;
				CODE_SIGN_STYLE = Automatic;
				DEVELOPMENT_TEAM = VWM36C4GC6;
				INFOPLIST_FILE = TodoListUITests/Info.plist;
				LD_RUNPATH_SEARCH_PATHS = (
					"$(inherited)",
					"@executable_path/Frameworks",
					"@loader_path/Frameworks",
				);
				PRODUCT_BUNDLE_IDENTIFIER = "Haoyun-Zhu.TodoListUITests";
				PRODUCT_NAME = "$(TARGET_NAME)";
				SWIFT_VERSION = 4.2;
				TARGETED_DEVICE_FAMILY = "1,2";
				TEST_TARGET_NAME = TodoList;
			};
			name = Debug;
		};
		B6C2EDFB21D90B0C00DC97F6 /* Release */ = {
			isa = XCBuildConfiguration;
			buildSettings = {
				ALWAYS_EMBED_SWIFT_STANDARD_LIBRARIES = YES;
				CODE_SIGN_STYLE = Automatic;
				DEVELOPMENT_TEAM = VWM36C4GC6;
				INFOPLIST_FILE = TodoListUITests/Info.plist;
				LD_RUNPATH_SEARCH_PATHS = (
					"$(inherited)",
					"@executable_path/Frameworks",
					"@loader_path/Frameworks",
				);
				PRODUCT_BUNDLE_IDENTIFIER = "Haoyun-Zhu.TodoListUITests";
				PRODUCT_NAME = "$(TARGET_NAME)";
				SWIFT_VERSION = 4.2;
				TARGETED_DEVICE_FAMILY = "1,2";
				TEST_TARGET_NAME = TodoList;
			};
			name = Release;
		};
/* End XCBuildConfiguration section */

/* Begin XCConfigurationList section */
		B6C2EDC621D90B0B00DC97F6 /* Build configuration list for PBXProject "TodoList" */ = {
			isa = XCConfigurationList;
			buildConfigurations = (
				B6C2EDF121D90B0C00DC97F6 /* Debug */,
				B6C2EDF221D90B0C00DC97F6 /* Release */,
			);
			defaultConfigurationIsVisible = 0;
			defaultConfigurationName = Release;
		};
		B6C2EDF321D90B0C00DC97F6 /* Build configuration list for PBXNativeTarget "TodoList" */ = {
			isa = XCConfigurationList;
			buildConfigurations = (
				B6C2EDF421D90B0C00DC97F6 /* Debug */,
				B6C2EDF521D90B0C00DC97F6 /* Release */,
			);
			defaultConfigurationIsVisible = 0;
			defaultConfigurationName = Release;
		};
		B6C2EDF621D90B0C00DC97F6 /* Build configuration list for PBXNativeTarget "TodoListTests" */ = {
			isa = XCConfigurationList;
			buildConfigurations = (
				B6C2EDF721D90B0C00DC97F6 /* Debug */,
				B6C2EDF821D90B0C00DC97F6 /* Release */,
			);
			defaultConfigurationIsVisible = 0;
			defaultConfigurationName = Release;
		};
		B6C2EDF921D90B0C00DC97F6 /* Build configuration list for PBXNativeTarget "TodoListUITests" */ = {
			isa = XCConfigurationList;
			buildConfigurations = (
				B6C2EDFA21D90B0C00DC97F6 /* Debug */,
				B6C2EDFB21D90B0C00DC97F6 /* Release */,
			);
			defaultConfigurationIsVisible = 0;
			defaultConfigurationName = Release;
		};
/* End XCConfigurationList section */
	};
	rootObject = B6C2EDC321D90B0B00DC97F6 /* Project object */;
}
